
Microsoft Visual Studio Solution File, Format Version 12.00
# Visual Studio Version 17
VisualStudioVersion = 17.2.32210.308
MinimumVisualStudioVersion = 10.0.40219.1
Project("{9A19103F-16F7-4668-BE54-9A1E7A4F7556}") = "Soundboard4MacroDeck", "Soundboard4MacroDeck.csproj", "{2879CD36-47AA-4083-9102-20A54752C093}"
EndProject
Global
	GlobalSection(SolutionConfigurationPlatforms) = preSolution
		Debug|Any CPU = Debug|Any CPU
		Release|Any CPU = Release|Any CPU
	EndGlobalSection
	GlobalSection(ProjectConfigurationPlatforms) = postSolution
		{2879CD36-47AA-4083-9102-20A54752C093}.Debug|Any CPU.ActiveCfg = Debug|x64
		{2879CD36-47AA-4083-9102-20A54752C093}.Debug|Any CPU.Build.0 = Debug|x64
		{2879CD36-47AA-4083-9102-20A54752C093}.Release|Any CPU.ActiveCfg = Release|Any CPU
		{2879CD36-47AA-4083-9102-20A54752C093}.Release|Any CPU.Build.0 = Release|Any CPU
	EndGlobalSection
	GlobalSection(SolutionProperties) = preSolution
		HideSolutionNode = FALSE
	EndGlobalSection
	GlobalSection(ExtensibilityGlobals) = postSolution
		BuildVersion_UseUniversalClock = True
		BuildVersion_ConfigurationName = Release
		BuildVersion_StartDate = 2000/1/1
		BuildVersion_UpdateFileVersion = True
		BuildVersion_UpdateAssemblyVersion = True
		BuildVersion_BuildVersioningStyle = None.None.YearDayOfYearStamp.Increment
		SolutionGuid = {40215FF3-FD92-4527-BA1A-4351A96723C5}
	EndGlobalSection
	GlobalSection(AutomaticVersions) = postSolution
		PrimaryVersionType = AssemblyVersionAttribute
		UpdateAssemblyVersion = True
		UpdateAssemblyFileVersion = True
		UpdateAssemblyInfoVersion = True
		AdvancedSettingsExpanded = True
		AssemblyVersionSettings = None.IncrementOnDemand.DateStamp.IncrementWithResetOnIncrease
		AssemblyFileVersionSettings = None.IncrementOnDemand.DateStamp.IncrementWithResetOnIncrease
		AssemblyInfoVersionSettings = None.IncrementOnDemand.DateStamp.IncrementWithResetOnIncrease
		UpdatePackageVersion = False
		AssemblyInfoVersionType = SettingsVersion
		InheritWinAppVersionFrom = None
		UpdateAssemblyVersion.Release|Any CPU = False
		UpdateAssemblyFileVersion.Release|Any CPU = False
		UpdateAssemblyInfoVersion.Release|Any CPU = False
		UpdatePackageVersion.Release|Any CPU = False
		AssemblyInfoVersionType.Release|Any CPU = SettingsVersion
		InheritWinAppVersionFrom.Release|Any CPU = None
	EndGlobalSection
EndGlobal
